
Microsoft Visual Studio Solution File, Format Version 12.00
# Visual Studio Version 16
VisualStudioVersion = 16.0.30114.105
MinimumVisualStudioVersion = 10.0.40219.1
Project("{FAE04EC0-301F-11D3-BF4B-00C04F79EFBC}") = "api", "api\api.csproj", "{23BD215E-8E36-4C86-9428-1CC6E8E966C0}"
EndProject
Project("{FAE04EC0-301F-11D3-BF4B-00C04F79EFBC}") = "api.Contracts", "api.Contracts\api.Contracts.csproj", "{14EC6E8F-828D-4BD8-850E-21E3881FE678}"
EndProject
Global
	GlobalSection(SolutionConfigurationPlatforms) = preSolution
		Debug|Any CPU = Debug|Any CPU
		Debug|x64 = Debug|x64
		Debug|x86 = Debug|x86
		Release|Any CPU = Release|Any CPU
		Release|x64 = Release|x64
		Release|x86 = Release|x86
	EndGlobalSection
	GlobalSection(SolutionProperties) = preSolution
		HideSolutionNode = FALSE
	EndGlobalSection
	GlobalSection(ProjectConfigurationPlatforms) = postSolution
		{23BD215E-8E36-4C86-9428-1CC6E8E966C0}.Debug|Any CPU.ActiveCfg = Debug|Any CPU
		{23BD215E-8E36-4C86-9428-1CC6E8E966C0}.Debug|Any CPU.Build.0 = Debug|Any CPU
		{23BD215E-8E36-4C86-9428-1CC6E8E966C0}.Debug|x64.ActiveCfg = Debug|Any CPU
		{23BD215E-8E36-4C86-9428-1CC6E8E966C0}.Debug|x64.Build.0 = Debug|Any CPU
		{23BD215E-8E36-4C86-9428-1CC6E8E966C0}.Debug|x86.ActiveCfg = Debug|Any CPU
		{23BD215E-8E36-4C86-9428-1CC6E8E966C0}.Debug|x86.Build.0 = Debug|Any CPU
		{23BD215E-8E36-4C86-9428-1CC6E8E966C0}.Release|Any CPU.ActiveCfg = Release|Any CPU
		{23BD215E-8E36-4C86-9428-1CC6E8E966C0}.Release|Any CPU.Build.0 = Release|Any CPU
		{23BD215E-8E36-4C86-9428-1CC6E8E966C0}.Release|x64.ActiveCfg = Release|Any CPU
		{23BD215E-8E36-4C86-9428-1CC6E8E966C0}.Release|x64.Build.0 = Release|Any CPU
		{23BD215E-8E36-4C86-9428-1CC6E8E966C0}.Release|x86.ActiveCfg = Release|Any CPU
		{23BD215E-8E36-4C86-9428-1CC6E8E966C0}.Release|x86.Build.0 = Release|Any CPU
		{14EC6E8F-828D-4BD8-850E-21E3881FE678}.Debug|Any CPU.ActiveCfg = Debug|Any CPU
		{14EC6E8F-828D-4BD8-850E-21E3881FE678}.Debug|Any CPU.Build.0 = Debug|Any CPU
		{14EC6E8F-828D-4BD8-850E-21E3881FE678}.Debug|x64.ActiveCfg = Debug|Any CPU
		{14EC6E8F-828D-4BD8-850E-21E3881FE678}.Debug|x64.Build.0 = Debug|Any CPU
		{14EC6E8F-828D-4BD8-850E-21E3881FE678}.Debug|x86.ActiveCfg = Debug|Any CPU
		{14EC6E8F-828D-4BD8-850E-21E3881FE678}.Debug|x86.Build.0 = Debug|Any CPU
		{14EC6E8F-828D-4BD8-850E-21E3881FE678}.Release|Any CPU.ActiveCfg = Release|Any CPU
		{14EC6E8F-828D-4BD8-850E-21E3881FE678}.Release|Any CPU.Build.0 = Release|Any CPU
		{14EC6E8F-828D-4BD8-850E-21E3881FE678}.Release|x64.ActiveCfg = Release|Any CPU
		{14EC6E8F-828D-4BD8-850E-21E3881FE678}.Release|x64.Build.0 = Release|Any CPU
		{14EC6E8F-828D-4BD8-850E-21E3881FE678}.Release|x86.ActiveCfg = Release|Any CPU
		{14EC6E8F-828D-4BD8-850E-21E3881FE678}.Release|x86.Build.0 = Release|Any CPU
	EndGlobalSection
EndGlobal
